
Microsoft Visual Studio Solution File, Format Version 12.00
# Visual Studio 14
VisualStudioVersion = 14.0.25420.1
MinimumVisualStudioVersion = 10.0.40219.1
Project("{FAE04EC0-301F-11D3-BF4B-00C04F79EFBC}") = "UnittestXamarin", "UnittestXamarin\UnittestXamarin\UnittestXamarin.csproj", "{45FB117F-08B8-4945-8595-76EAC3F5AE82}"
EndProject
Project("{FAE04EC0-301F-11D3-BF4B-00C04F79EFBC}") = "UnittestXamarin.Droid", "UnittestXamarin\UnittestXamarin.Droid\UnittestXamarin.Droid.csproj", "{CA2CFE21-89C6-4661-9443-B350A316F289}"
EndProject
Project("{FAE04EC0-301F-11D3-BF4B-00C04F79EFBC}") = "UnittestXamarin.iOS", "UnittestXamarin\UnittestXamarin.iOS\UnittestXamarin.iOS.csproj", "{04690EDF-59CA-4A31-851B-C6D3FA6EF050}"
EndProject
Project("{FAE04EC0-301F-11D3-BF4B-00C04F79EFBC}") = "UnittestXamarin.WinPhone", "UnittestXamarin\UnittestXamarin.WinPhone\UnittestXamarin.WinPhone.csproj", "{ED1B057E-F8D3-43A6-AE09-AA57A0DCF675}"
EndProject
Project("{FAE04EC0-301F-11D3-BF4B-00C04F79EFBC}") = "UnittestXamarin.UWP", "UnittestXamarin\UnittestXamarin.UWP\UnittestXamarin.UWP.csproj", "{080B1EFC-A214-4C18-9FB3-86D8628C47FD}"
EndProject
Project("{FAE04EC0-301F-11D3-BF4B-00C04F79EFBC}") = "UnittestXamarin.Windows", "UnittestXamarin\UnittestXamarin.Windows\UnittestXamarin.Windows.csproj", "{1C56990F-C3C2-4DFF-A410-4CA2DC71279C}"
EndProject
Global
	GlobalSection(SolutionConfigurationPlatforms) = preSolution
		Ad-Hoc|Any CPU = Ad-Hoc|Any CPU
		Ad-Hoc|ARM = Ad-Hoc|ARM
		Ad-Hoc|iPhone = Ad-Hoc|iPhone
		Ad-Hoc|iPhoneSimulator = Ad-Hoc|iPhoneSimulator
		Ad-Hoc|x64 = Ad-Hoc|x64
		Ad-Hoc|x86 = Ad-Hoc|x86
		AppStore|Any CPU = AppStore|Any CPU
		AppStore|ARM = AppStore|ARM
		AppStore|iPhone = AppStore|iPhone
		AppStore|iPhoneSimulator = AppStore|iPhoneSimulator
		AppStore|x64 = AppStore|x64
		AppStore|x86 = AppStore|x86
		Debug|Any CPU = Debug|Any CPU
		Debug|ARM = Debug|ARM
		Debug|iPhone = Debug|iPhone
		Debug|iPhoneSimulator = Debug|iPhoneSimulator
		Debug|x64 = Debug|x64
		Debug|x86 = Debug|x86
		Release|Any CPU = Release|Any CPU
		Release|ARM = Release|ARM
		Release|iPhone = Release|iPhone
		Release|iPhoneSimulator = Release|iPhoneSimulator
		Release|x64 = Release|x64
		Release|x86 = Release|x86
	EndGlobalSection
	GlobalSection(ProjectConfigurationPlatforms) = postSolution
		{45FB117F-08B8-4945-8595-76EAC3F5AE82}.Ad-Hoc|Any CPU.ActiveCfg = Release|Any CPU
		{45FB117F-08B8-4945-8595-76EAC3F5AE82}.Ad-Hoc|Any CPU.Build.0 = Release|Any CPU
		{45FB117F-08B8-4945-8595-76EAC3F5AE82}.Ad-Hoc|ARM.ActiveCfg = Release|Any CPU
		{45FB117F-08B8-4945-8595-76EAC3F5AE82}.Ad-Hoc|ARM.Build.0 = Release|Any CPU
		{45FB117F-08B8-4945-8595-76EAC3F5AE82}.Ad-Hoc|iPhone.ActiveCfg = Release|Any CPU
		{45FB117F-08B8-4945-8595-76EAC3F5AE82}.Ad-Hoc|iPhone.Build.0 = Release|Any CPU
		{45FB117F-08B8-4945-8595-76EAC3F5AE82}.Ad-Hoc|iPhoneSimulator.ActiveCfg = Release|Any CPU
		{45FB117F-08B8-4945-8595-76EAC3F5AE82}.Ad-Hoc|iPhoneSimulator.Build.0 = Release|Any CPU
		{45FB117F-08B8-4945-8595-76EAC3F5AE82}.Ad-Hoc|x64.ActiveCfg = Release|Any CPU
		{45FB117F-08B8-4945-8595-76EAC3F5AE82}.Ad-Hoc|x64.Build.0 = Release|Any CPU
		{45FB117F-08B8-4945-8595-76EAC3F5AE82}.Ad-Hoc|x86.ActiveCfg = Release|Any CPU
		{45FB117F-08B8-4945-8595-76EAC3F5AE82}.Ad-Hoc|x86.Build.0 = Release|Any CPU
		{45FB117F-08B8-4945-8595-76EAC3F5AE82}.AppStore|Any CPU.ActiveCfg = Release|Any CPU
		{45FB117F-08B8-4945-8595-76EAC3F5AE82}.AppStore|Any CPU.Build.0 = Release|Any CPU
		{45FB117F-08B8-4945-8595-76EAC3F5AE82}.AppStore|ARM.ActiveCfg = Release|Any CPU
		{45FB117F-08B8-4945-8595-76EAC3F5AE82}.AppStore|ARM.Build.0 = Release|Any CPU
		{45FB117F-08B8-4945-8595-76EAC3F5AE82}.AppStore|iPhone.ActiveCfg = Release|Any CPU
		{45FB117F-08B8-4945-8595-76EAC3F5AE82}.AppStore|iPhone.Build.0 = Release|Any CPU
		{45FB117F-08B8-4945-8595-76EAC3F5AE82}.AppStore|iPhoneSimulator.ActiveCfg = Release|Any CPU
		{45FB117F-08B8-4945-8595-76EAC3F5AE82}.AppStore|iPhoneSimulator.Build.0 = Release|Any CPU
		{45FB117F-08B8-4945-8595-76EAC3F5AE82}.AppStore|x64.ActiveCfg = Release|Any CPU
		{45FB117F-08B8-4945-8595-76EAC3F5AE82}.AppStore|x64.Build.0 = Release|Any CPU
		{45FB117F-08B8-4945-8595-76EAC3F5AE82}.AppStore|x86.ActiveCfg = Release|Any CPU
		{45FB117F-08B8-4945-8595-76EAC3F5AE82}.AppStore|x86.Build.0 = Release|Any CPU
		{45FB117F-08B8-4945-8595-76EAC3F5AE82}.Debug|Any CPU.ActiveCfg = Debug|Any CPU
		{45FB117F-08B8-4945-8595-76EAC3F5AE82}.Debug|Any CPU.Build.0 = Debug|Any CPU
		{45FB117F-08B8-4945-8595-76EAC3F5AE82}.Debug|ARM.ActiveCfg = Debug|Any CPU
		{45FB117F-08B8-4945-8595-76EAC3F5AE82}.Debug|ARM.Build.0 = Debug|Any CPU
		{45FB117F-08B8-4945-8595-76EAC3F5AE82}.Debug|iPhone.ActiveCfg = Debug|Any CPU
		{45FB117F-08B8-4945-8595-76EAC3F5AE82}.Debug|iPhone.Build.0 = Debug|Any CPU
		{45FB117F-08B8-4945-8595-76EAC3F5AE82}.Debug|iPhoneSimulator.ActiveCfg = Debug|Any CPU
		{45FB117F-08B8-4945-8595-76EAC3F5AE82}.Debug|iPhoneSimulator.Build.0 = Debug|Any CPU
		{45FB117F-08B8-4945-8595-76EAC3F5AE82}.Debug|x64.ActiveCfg = Debug|Any CPU
		{45FB117F-08B8-4945-8595-76EAC3F5AE82}.Debug|x64.Build.0 = Debug|Any CPU
		{45FB117F-08B8-4945-8595-76EAC3F5AE82}.Debug|x86.ActiveCfg = Debug|Any CPU
		{45FB117F-08B8-4945-8595-76EAC3F5AE82}.Debug|x86.Build.0 = Debug|Any CPU
		{45FB117F-08B8-4945-8595-76EAC3F5AE82}.Release|Any CPU.ActiveCfg = Release|Any CPU
		{45FB117F-08B8-4945-8595-76EAC3F5AE82}.Release|Any CPU.Build.0 = Release|Any CPU
		{45FB117F-08B8-4945-8595-76EAC3F5AE82}.Release|ARM.ActiveCfg = Release|Any CPU
		{45FB117F-08B8-4945-8595-76EAC3F5AE82}.Release|ARM.Build.0 = Release|Any CPU
		{45FB117F-08B8-4945-8595-76EAC3F5AE82}.Release|iPhone.ActiveCfg = Release|Any CPU
		{45FB117F-08B8-4945-8595-76EAC3F5AE82}.Release|iPhone.Build.0 = Release|Any CPU
		{45FB117F-08B8-4945-8595-76EAC3F5AE82}.Release|iPhoneSimulator.ActiveCfg = Release|Any CPU
		{45FB117F-08B8-4945-8595-76EAC3F5AE82}.Release|iPhoneSimulator.Build.0 = Release|Any CPU
		{45FB117F-08B8-4945-8595-76EAC3F5AE82}.Release|x64.ActiveCfg = Release|Any CPU
		{45FB117F-08B8-4945-8595-76EAC3F5AE82}.Release|x64.Build.0 = Release|Any CPU
		{45FB117F-08B8-4945-8595-76EAC3F5AE82}.Release|x86.ActiveCfg = Release|Any CPU
		{45FB117F-08B8-4945-8595-76EAC3F5AE82}.Release|x86.Build.0 = Release|Any CPU
		{CA2CFE21-89C6-4661-9443-B350A316F289}.Ad-Hoc|Any CPU.ActiveCfg = Release|Any CPU
		{CA2CFE21-89C6-4661-9443-B350A316F289}.Ad-Hoc|Any CPU.Build.0 = Release|Any CPU
		{CA2CFE21-89C6-4661-9443-B350A316F289}.Ad-Hoc|Any CPU.Deploy.0 = Release|Any CPU
		{CA2CFE21-89C6-4661-9443-B350A316F289}.Ad-Hoc|ARM.ActiveCfg = Release|Any CPU
		{CA2CFE21-89C6-4661-9443-B350A316F289}.Ad-Hoc|ARM.Build.0 = Release|Any CPU
		{CA2CFE21-89C6-4661-9443-B350A316F289}.Ad-Hoc|ARM.Deploy.0 = Release|Any CPU
		{CA2CFE21-89C6-4661-9443-B350A316F289}.Ad-Hoc|iPhone.ActiveCfg = Release|Any CPU
		{CA2CFE21-89C6-4661-9443-B350A316F289}.Ad-Hoc|iPhone.Build.0 = Release|Any CPU
		{CA2CFE21-89C6-4661-9443-B350A316F289}.Ad-Hoc|iPhone.Deploy.0 = Release|Any CPU
		{CA2CFE21-89C6-4661-9443-B350A316F289}.Ad-Hoc|iPhoneSimulator.ActiveCfg = Release|Any CPU
		{CA2CFE21-89C6-4661-9443-B350A316F289}.Ad-Hoc|iPhoneSimulator.Build.0 = Release|Any CPU
		{CA2CFE21-89C6-4661-9443-B350A316F289}.Ad-Hoc|iPhoneSimulator.Deploy.0 = Release|Any CPU
		{CA2CFE21-89C6-4661-9443-B350A316F289}.Ad-Hoc|x64.ActiveCfg = Release|Any CPU
		{CA2CFE21-89C6-4661-9443-B350A316F289}.Ad-Hoc|x64.Build.0 = Release|Any CPU
		{CA2CFE21-89C6-4661-9443-B350A316F289}.Ad-Hoc|x64.Deploy.0 = Release|Any CPU
		{CA2CFE21-89C6-4661-9443-B350A316F289}.Ad-Hoc|x86.ActiveCfg = Release|Any CPU
		{CA2CFE21-89C6-4661-9443-B350A316F289}.Ad-Hoc|x86.Build.0 = Release|Any CPU
		{CA2CFE21-89C6-4661-9443-B350A316F289}.Ad-Hoc|x86.Deploy.0 = Release|Any CPU
		{CA2CFE21-89C6-4661-9443-B350A316F289}.AppStore|Any CPU.ActiveCfg = Release|Any CPU
		{CA2CFE21-89C6-4661-9443-B350A316F289}.AppStore|Any CPU.Build.0 = Release|Any CPU
		{CA2CFE21-89C6-4661-9443-B350A316F289}.AppStore|Any CPU.Deploy.0 = Release|Any CPU
		{CA2CFE21-89C6-4661-9443-B350A316F289}.AppStore|ARM.ActiveCfg = Release|Any CPU
		{CA2CFE21-89C6-4661-9443-B350A316F289}.AppStore|ARM.Build.0 = Release|Any CPU
		{CA2CFE21-89C6-4661-9443-B350A316F289}.AppStore|ARM.Deploy.0 = Release|Any CPU
		{CA2CFE21-89C6-4661-9443-B350A316F289}.AppStore|iPhone.ActiveCfg = Release|Any CPU
		{CA2CFE21-89C6-4661-9443-B350A316F289}.AppStore|iPhone.Build.0 = Release|Any CPU
		{CA2CFE21-89C6-4661-9443-B350A316F289}.AppStore|iPhone.Deploy.0 = Release|Any CPU
		{CA2CFE21-89C6-4661-9443-B350A316F289}.AppStore|iPhoneSimulator.ActiveCfg = Release|Any CPU
		{CA2CFE21-89C6-4661-9443-B350A316F289}.AppStore|iPhoneSimulator.Build.0 = Release|Any CPU
		{CA2CFE21-89C6-4661-9443-B350A316F289}.AppStore|iPhoneSimulator.Deploy.0 = Release|Any CPU
		{CA2CFE21-89C6-4661-9443-B350A316F289}.AppStore|x64.ActiveCfg = Release|Any CPU
		{CA2CFE21-89C6-4661-9443-B350A316F289}.AppStore|x64.Build.0 = Release|Any CPU
		{CA2CFE21-89C6-4661-9443-B350A316F289}.AppStore|x64.Deploy.0 = Release|Any CPU
		{CA2CFE21-89C6-4661-9443-B350A316F289}.AppStore|x86.ActiveCfg = Release|Any CPU
		{CA2CFE21-89C6-4661-9443-B350A316F289}.AppStore|x86.Build.0 = Release|Any CPU
		{CA2CFE21-89C6-4661-9443-B350A316F289}.AppStore|x86.Deploy.0 = Release|Any CPU
		{CA2CFE21-89C6-4661-9443-B350A316F289}.Debug|Any CPU.ActiveCfg = Debug|Any CPU
		{CA2CFE21-89C6-4661-9443-B350A316F289}.Debug|Any CPU.Build.0 = Debug|Any CPU
		{CA2CFE21-89C6-4661-9443-B350A316F289}.Debug|Any CPU.Deploy.0 = Debug|Any CPU
		{CA2CFE21-89C6-4661-9443-B350A316F289}.Debug|ARM.ActiveCfg = Debug|Any CPU
		{CA2CFE21-89C6-4661-9443-B350A316F289}.Debug|ARM.Build.0 = Debug|Any CPU
		{CA2CFE21-89C6-4661-9443-B350A316F289}.Debug|ARM.Deploy.0 = Debug|Any CPU
		{CA2CFE21-89C6-4661-9443-B350A316F289}.Debug|iPhone.ActiveCfg = Debug|Any CPU
		{CA2CFE21-89C6-4661-9443-B350A316F289}.Debug|iPhone.Build.0 = Debug|Any CPU
		{CA2CFE21-89C6-4661-9443-B350A316F289}.Debug|iPhone.Deploy.0 = Debug|Any CPU
		{CA2CFE21-89C6-4661-9443-B350A316F289}.Debug|iPhoneSimulator.ActiveCfg = Debug|Any CPU
		{CA2CFE21-89C6-4661-9443-B350A316F289}.Debug|iPhoneSimulator.Build.0 = Debug|Any CPU
		{CA2CFE21-89C6-4661-9443-B350A316F289}.Debug|iPhoneSimulator.Deploy.0 = Debug|Any CPU
		{CA2CFE21-89C6-4661-9443-B350A316F289}.Debug|x64.ActiveCfg = Debug|Any CPU
		{CA2CFE21-89C6-4661-9443-B350A316F289}.Debug|x64.Build.0 = Debug|Any CPU
		{CA2CFE21-89C6-4661-9443-B350A316F289}.Debug|x64.Deploy.0 = Debug|Any CPU
		{CA2CFE21-89C6-4661-9443-B350A316F289}.Debug|x86.ActiveCfg = Debug|Any CPU
		{CA2CFE21-89C6-4661-9443-B350A316F289}.Debug|x86.Build.0 = Debug|Any CPU
		{CA2CFE21-89C6-4661-9443-B350A316F289}.Debug|x86.Deploy.0 = Debug|Any CPU
		{CA2CFE21-89C6-4661-9443-B350A316F289}.Release|Any CPU.ActiveCfg = Release|Any CPU
		{CA2CFE21-89C6-4661-9443-B350A316F289}.Release|Any CPU.Build.0 = Release|Any CPU
		{CA2CFE21-89C6-4661-9443-B350A316F289}.Release|Any CPU.Deploy.0 = Release|Any CPU
		{CA2CFE21-89C6-4661-9443-B350A316F289}.Release|ARM.ActiveCfg = Release|Any CPU
		{CA2CFE21-89C6-4661-9443-B350A316F289}.Release|ARM.Build.0 = Release|Any CPU
		{CA2CFE21-89C6-4661-9443-B350A316F289}.Release|ARM.Deploy.0 = Release|Any CPU
		{CA2CFE21-89C6-4661-9443-B350A316F289}.Release|iPhone.ActiveCfg = Release|Any CPU
		{CA2CFE21-89C6-4661-9443-B350A316F289}.Release|iPhone.Build.0 = Release|Any CPU
		{CA2CFE21-89C6-4661-9443-B350A316F289}.Release|iPhone.Deploy.0 = Release|Any CPU
		{CA2CFE21-89C6-4661-9443-B350A316F289}.Release|iPhoneSimulator.ActiveCfg = Release|Any CPU
		{CA2CFE21-89C6-4661-9443-B350A316F289}.Release|iPhoneSimulator.Build.0 = Release|Any CPU
		{CA2CFE21-89C6-4661-9443-B350A316F289}.Release|iPhoneSimulator.Deploy.0 = Release|Any CPU
		{CA2CFE21-89C6-4661-9443-B350A316F289}.Release|x64.ActiveCfg = Release|Any CPU
		{CA2CFE21-89C6-4661-9443-B350A316F289}.Release|x64.Build.0 = Release|Any CPU
		{CA2CFE21-89C6-4661-9443-B350A316F289}.Release|x64.Deploy.0 = Release|Any CPU
		{CA2CFE21-89C6-4661-9443-B350A316F289}.Release|x86.ActiveCfg = Release|Any CPU
		{CA2CFE21-89C6-4661-9443-B350A316F289}.Release|x86.Build.0 = Release|Any CPU
		{CA2CFE21-89C6-4661-9443-B350A316F289}.Release|x86.Deploy.0 = Release|Any CPU
		{04690EDF-59CA-4A31-851B-C6D3FA6EF050}.Ad-Hoc|Any CPU.ActiveCfg = Ad-Hoc|iPhone
		{04690EDF-59CA-4A31-851B-C6D3FA6EF050}.Ad-Hoc|ARM.ActiveCfg = Ad-Hoc|iPhone
		{04690EDF-59CA-4A31-851B-C6D3FA6EF050}.Ad-Hoc|iPhone.ActiveCfg = Ad-Hoc|iPhone
		{04690EDF-59CA-4A31-851B-C6D3FA6EF050}.Ad-Hoc|iPhone.Build.0 = Ad-Hoc|iPhone
		{04690EDF-59CA-4A31-851B-C6D3FA6EF050}.Ad-Hoc|iPhoneSimulator.ActiveCfg = Ad-Hoc|iPhoneSimulator
		{04690EDF-59CA-4A31-851B-C6D3FA6EF050}.Ad-Hoc|iPhoneSimulator.Build.0 = Ad-Hoc|iPhoneSimulator
		{04690EDF-59CA-4A31-851B-C6D3FA6EF050}.Ad-Hoc|x64.ActiveCfg = Ad-Hoc|iPhone
		{04690EDF-59CA-4A31-851B-C6D3FA6EF050}.Ad-Hoc|x86.ActiveCfg = Ad-Hoc|iPhone
		{04690EDF-59CA-4A31-851B-C6D3FA6EF050}.AppStore|Any CPU.ActiveCfg = AppStore|iPhone
		{04690EDF-59CA-4A31-851B-C6D3FA6EF050}.AppStore|ARM.ActiveCfg = AppStore|iPhone
		{04690EDF-59CA-4A31-851B-C6D3FA6EF050}.AppStore|iPhone.ActiveCfg = AppStore|iPhone
		{04690EDF-59CA-4A31-851B-C6D3FA6EF050}.AppStore|iPhone.Build.0 = AppStore|iPhone
		{04690EDF-59CA-4A31-851B-C6D3FA6EF050}.AppStore|iPhoneSimulator.ActiveCfg = AppStore|iPhoneSimulator
		{04690EDF-59CA-4A31-851B-C6D3FA6EF050}.AppStore|iPhoneSimulator.Build.0 = AppStore|iPhoneSimulator
		{04690EDF-59CA-4A31-851B-C6D3FA6EF050}.AppStore|x64.ActiveCfg = AppStore|iPhone
		{04690EDF-59CA-4A31-851B-C6D3FA6EF050}.AppStore|x86.ActiveCfg = AppStore|iPhone
		{04690EDF-59CA-4A31-851B-C6D3FA6EF050}.Debug|Any CPU.ActiveCfg = Debug|iPhone
		{04690EDF-59CA-4A31-851B-C6D3FA6EF050}.Debug|ARM.ActiveCfg = Debug|iPhone
		{04690EDF-59CA-4A31-851B-C6D3FA6EF050}.Debug|iPhone.ActiveCfg = Debug|iPhone
		{04690EDF-59CA-4A31-851B-C6D3FA6EF050}.Debug|iPhone.Build.0 = Debug|iPhone
		{04690EDF-59CA-4A31-851B-C6D3FA6EF050}.Debug|iPhoneSimulator.ActiveCfg = Debug|iPhoneSimulator
		{04690EDF-59CA-4A31-851B-C6D3FA6EF050}.Debug|iPhoneSimulator.Build.0 = Debug|iPhoneSimulator
		{04690EDF-59CA-4A31-851B-C6D3FA6EF050}.Debug|x64.ActiveCfg = Debug|iPhone
		{04690EDF-59CA-4A31-851B-C6D3FA6EF050}.Debug|x86.ActiveCfg = Debug|iPhone
		{04690EDF-59CA-4A31-851B-C6D3FA6EF050}.Release|Any CPU.ActiveCfg = Release|iPhone
		{04690EDF-59CA-4A31-851B-C6D3FA6EF050}.Release|ARM.ActiveCfg = Release|iPhone
		{04690EDF-59CA-4A31-851B-C6D3FA6EF050}.Release|iPhone.ActiveCfg = Release|iPhone
		{04690EDF-59CA-4A31-851B-C6D3FA6EF050}.Release|iPhone.Build.0 = Release|iPhone
		{04690EDF-59CA-4A31-851B-C6D3FA6EF050}.Release|iPhoneSimulator.ActiveCfg = Release|iPhoneSimulator
		{04690EDF-59CA-4A31-851B-C6D3FA6EF050}.Release|iPhoneSimulator.Build.0 = Release|iPhoneSimulator
		{04690EDF-59CA-4A31-851B-C6D3FA6EF050}.Release|x64.ActiveCfg = Release|iPhone
		{04690EDF-59CA-4A31-851B-C6D3FA6EF050}.Release|x86.ActiveCfg = Release|iPhone
		{ED1B057E-F8D3-43A6-AE09-AA57A0DCF675}.Ad-Hoc|Any CPU.ActiveCfg = Release|Any CPU
		{ED1B057E-F8D3-43A6-AE09-AA57A0DCF675}.Ad-Hoc|Any CPU.Build.0 = Release|Any CPU
		{ED1B057E-F8D3-43A6-AE09-AA57A0DCF675}.Ad-Hoc|Any CPU.Deploy.0 = Release|Any CPU
		{ED1B057E-F8D3-43A6-AE09-AA57A0DCF675}.Ad-Hoc|ARM.ActiveCfg = Release|ARM
		{ED1B057E-F8D3-43A6-AE09-AA57A0DCF675}.Ad-Hoc|ARM.Build.0 = Release|ARM
		{ED1B057E-F8D3-43A6-AE09-AA57A0DCF675}.Ad-Hoc|ARM.Deploy.0 = Release|ARM
		{ED1B057E-F8D3-43A6-AE09-AA57A0DCF675}.Ad-Hoc|iPhone.ActiveCfg = Release|Any CPU
		{ED1B057E-F8D3-43A6-AE09-AA57A0DCF675}.Ad-Hoc|iPhone.Build.0 = Release|Any CPU
		{ED1B057E-F8D3-43A6-AE09-AA57A0DCF675}.Ad-Hoc|iPhone.Deploy.0 = Release|Any CPU
		{ED1B057E-F8D3-43A6-AE09-AA57A0DCF675}.Ad-Hoc|iPhoneSimulator.ActiveCfg = Release|Any CPU
		{ED1B057E-F8D3-43A6-AE09-AA57A0DCF675}.Ad-Hoc|iPhoneSimulator.Build.0 = Release|Any CPU
		{ED1B057E-F8D3-43A6-AE09-AA57A0DCF675}.Ad-Hoc|iPhoneSimulator.Deploy.0 = Release|Any CPU
		{ED1B057E-F8D3-43A6-AE09-AA57A0DCF675}.Ad-Hoc|x64.ActiveCfg = Release|Any CPU
		{ED1B057E-F8D3-43A6-AE09-AA57A0DCF675}.Ad-Hoc|x64.Build.0 = Release|Any CPU
		{ED1B057E-F8D3-43A6-AE09-AA57A0DCF675}.Ad-Hoc|x64.Deploy.0 = Release|Any CPU
		{ED1B057E-F8D3-43A6-AE09-AA57A0DCF675}.Ad-Hoc|x86.ActiveCfg = Release|x86
		{ED1B057E-F8D3-43A6-AE09-AA57A0DCF675}.Ad-Hoc|x86.Build.0 = Release|x86
		{ED1B057E-F8D3-43A6-AE09-AA57A0DCF675}.Ad-Hoc|x86.Deploy.0 = Release|x86
		{ED1B057E-F8D3-43A6-AE09-AA57A0DCF675}.AppStore|Any CPU.ActiveCfg = Release|Any CPU
		{ED1B057E-F8D3-43A6-AE09-AA57A0DCF675}.AppStore|Any CPU.Build.0 = Release|Any CPU
		{ED1B057E-F8D3-43A6-AE09-AA57A0DCF675}.AppStore|Any CPU.Deploy.0 = Release|Any CPU
		{ED1B057E-F8D3-43A6-AE09-AA57A0DCF675}.AppStore|ARM.ActiveCfg = Release|ARM
		{ED1B057E-F8D3-43A6-AE09-AA57A0DCF675}.AppStore|ARM.Build.0 = Release|ARM
		{ED1B057E-F8D3-43A6-AE09-AA57A0DCF675}.AppStore|ARM.Deploy.0 = Release|ARM
		{ED1B057E-F8D3-43A6-AE09-AA57A0DCF675}.AppStore|iPhone.ActiveCfg = Release|Any CPU
		{ED1B057E-F8D3-43A6-AE09-AA57A0DCF675}.AppStore|iPhone.Build.0 = Release|Any CPU
		{ED1B057E-F8D3-43A6-AE09-AA57A0DCF675}.AppStore|iPhone.Deploy.0 = Release|Any CPU
		{ED1B057E-F8D3-43A6-AE09-AA57A0DCF675}.AppStore|iPhoneSimulator.ActiveCfg = Release|Any CPU
		{ED1B057E-F8D3-43A6-AE09-AA57A0DCF675}.AppStore|iPhoneSimulator.Build.0 = Release|Any CPU
		{ED1B057E-F8D3-43A6-AE09-AA57A0DCF675}.AppStore|iPhoneSimulator.Deploy.0 = Release|Any CPU
		{ED1B057E-F8D3-43A6-AE09-AA57A0DCF675}.AppStore|x64.ActiveCfg = Release|Any CPU
		{ED1B057E-F8D3-43A6-AE09-AA57A0DCF675}.AppStore|x64.Build.0 = Release|Any CPU
		{ED1B057E-F8D3-43A6-AE09-AA57A0DCF675}.AppStore|x64.Deploy.0 = Release|Any CPU
		{ED1B057E-F8D3-43A6-AE09-AA57A0DCF675}.AppStore|x86.ActiveCfg = Release|x86
		{ED1B057E-F8D3-43A6-AE09-AA57A0DCF675}.AppStore|x86.Build.0 = Release|x86
		{ED1B057E-F8D3-43A6-AE09-AA57A0DCF675}.AppStore|x86.Deploy.0 = Release|x86
		{ED1B057E-F8D3-43A6-AE09-AA57A0DCF675}.Debug|Any CPU.ActiveCfg = Debug|Any CPU
		{ED1B057E-F8D3-43A6-AE09-AA57A0DCF675}.Debug|Any CPU.Build.0 = Debug|Any CPU
		{ED1B057E-F8D3-43A6-AE09-AA57A0DCF675}.Debug|Any CPU.Deploy.0 = Debug|Any CPU
		{ED1B057E-F8D3-43A6-AE09-AA57A0DCF675}.Debug|ARM.ActiveCfg = Debug|ARM
		{ED1B057E-F8D3-43A6-AE09-AA57A0DCF675}.Debug|ARM.Build.0 = Debug|ARM
		{ED1B057E-F8D3-43A6-AE09-AA57A0DCF675}.Debug|ARM.Deploy.0 = Debug|ARM
		{ED1B057E-F8D3-43A6-AE09-AA57A0DCF675}.Debug|iPhone.ActiveCfg = Debug|Any CPU
		{ED1B057E-F8D3-43A6-AE09-AA57A0DCF675}.Debug|iPhone.Build.0 = Debug|Any CPU
		{ED1B057E-F8D3-43A6-AE09-AA57A0DCF675}.Debug|iPhone.Deploy.0 = Debug|Any CPU
		{ED1B057E-F8D3-43A6-AE09-AA57A0DCF675}.Debug|iPhoneSimulator.ActiveCfg = Debug|Any CPU
		{ED1B057E-F8D3-43A6-AE09-AA57A0DCF675}.Debug|iPhoneSimulator.Build.0 = Debug|Any CPU
		{ED1B057E-F8D3-43A6-AE09-AA57A0DCF675}.Debug|iPhoneSimulator.Deploy.0 = Debug|Any CPU
		{ED1B057E-F8D3-43A6-AE09-AA57A0DCF675}.Debug|x64.ActiveCfg = Debug|Any CPU
		{ED1B057E-F8D3-43A6-AE09-AA57A0DCF675}.Debug|x64.Build.0 = Debug|Any CPU
		{ED1B057E-F8D3-43A6-AE09-AA57A0DCF675}.Debug|x64.Deploy.0 = Debug|Any CPU
		{ED1B057E-F8D3-43A6-AE09-AA57A0DCF675}.Debug|x86.ActiveCfg = Debug|x86
		{ED1B057E-F8D3-43A6-AE09-AA57A0DCF675}.Debug|x86.Build.0 = Debug|x86
		{ED1B057E-F8D3-43A6-AE09-AA57A0DCF675}.Debug|x86.Deploy.0 = Debug|x86
		{ED1B057E-F8D3-43A6-AE09-AA57A0DCF675}.Release|Any CPU.ActiveCfg = Release|Any CPU
		{ED1B057E-F8D3-43A6-AE09-AA57A0DCF675}.Release|Any CPU.Build.0 = Release|Any CPU
		{ED1B057E-F8D3-43A6-AE09-AA57A0DCF675}.Release|Any CPU.Deploy.0 = Release|Any CPU
		{ED1B057E-F8D3-43A6-AE09-AA57A0DCF675}.Release|ARM.ActiveCfg = Release|ARM
		{ED1B057E-F8D3-43A6-AE09-AA57A0DCF675}.Release|ARM.Build.0 = Release|ARM
		{ED1B057E-F8D3-43A6-AE09-AA57A0DCF675}.Release|ARM.Deploy.0 = Release|ARM
		{ED1B057E-F8D3-43A6-AE09-AA57A0DCF675}.Release|iPhone.ActiveCfg = Release|Any CPU
		{ED1B057E-F8D3-43A6-AE09-AA57A0DCF675}.Release|iPhone.Build.0 = Release|Any CPU
		{ED1B057E-F8D3-43A6-AE09-AA57A0DCF675}.Release|iPhone.Deploy.0 = Release|Any CPU
		{ED1B057E-F8D3-43A6-AE09-AA57A0DCF675}.Release|iPhoneSimulator.ActiveCfg = Release|Any CPU
		{ED1B057E-F8D3-43A6-AE09-AA57A0DCF675}.Release|iPhoneSimulator.Build.0 = Release|Any CPU
		{ED1B057E-F8D3-43A6-AE09-AA57A0DCF675}.Release|iPhoneSimulator.Deploy.0 = Release|Any CPU
		{ED1B057E-F8D3-43A6-AE09-AA57A0DCF675}.Release|x64.ActiveCfg = Release|Any CPU
		{ED1B057E-F8D3-43A6-AE09-AA57A0DCF675}.Release|x64.Build.0 = Release|Any CPU
		{ED1B057E-F8D3-43A6-AE09-AA57A0DCF675}.Release|x64.Deploy.0 = Release|Any CPU
		{ED1B057E-F8D3-43A6-AE09-AA57A0DCF675}.Release|x86.ActiveCfg = Release|x86
		{ED1B057E-F8D3-43A6-AE09-AA57A0DCF675}.Release|x86.Build.0 = Release|x86
		{ED1B057E-F8D3-43A6-AE09-AA57A0DCF675}.Release|x86.Deploy.0 = Release|x86
		{080B1EFC-A214-4C18-9FB3-86D8628C47FD}.Ad-Hoc|Any CPU.ActiveCfg = Release|x86
		{080B1EFC-A214-4C18-9FB3-86D8628C47FD}.Ad-Hoc|Any CPU.Build.0 = Release|x86
		{080B1EFC-A214-4C18-9FB3-86D8628C47FD}.Ad-Hoc|Any CPU.Deploy.0 = Release|x86
		{080B1EFC-A214-4C18-9FB3-86D8628C47FD}.Ad-Hoc|ARM.ActiveCfg = Release|ARM
		{080B1EFC-A214-4C18-9FB3-86D8628C47FD}.Ad-Hoc|ARM.Build.0 = Release|ARM
		{080B1EFC-A214-4C18-9FB3-86D8628C47FD}.Ad-Hoc|ARM.Deploy.0 = Release|ARM
		{080B1EFC-A214-4C18-9FB3-86D8628C47FD}.Ad-Hoc|iPhone.ActiveCfg = Release|x86
		{080B1EFC-A214-4C18-9FB3-86D8628C47FD}.Ad-Hoc|iPhone.Build.0 = Release|x86
		{080B1EFC-A214-4C18-9FB3-86D8628C47FD}.Ad-Hoc|iPhone.Deploy.0 = Release|x86
		{080B1EFC-A214-4C18-9FB3-86D8628C47FD}.Ad-Hoc|iPhoneSimulator.ActiveCfg = Release|x86
		{080B1EFC-A214-4C18-9FB3-86D8628C47FD}.Ad-Hoc|iPhoneSimulator.Build.0 = Release|x86
		{080B1EFC-A214-4C18-9FB3-86D8628C47FD}.Ad-Hoc|iPhoneSimulator.Deploy.0 = Release|x86
		{080B1EFC-A214-4C18-9FB3-86D8628C47FD}.Ad-Hoc|x64.ActiveCfg = Release|x64
		{080B1EFC-A214-4C18-9FB3-86D8628C47FD}.Ad-Hoc|x64.Build.0 = Release|x64
		{080B1EFC-A214-4C18-9FB3-86D8628C47FD}.Ad-Hoc|x64.Deploy.0 = Release|x64
		{080B1EFC-A214-4C18-9FB3-86D8628C47FD}.Ad-Hoc|x86.ActiveCfg = Release|x86
		{080B1EFC-A214-4C18-9FB3-86D8628C47FD}.Ad-Hoc|x86.Build.0 = Release|x86
		{080B1EFC-A214-4C18-9FB3-86D8628C47FD}.Ad-Hoc|x86.Deploy.0 = Release|x86
		{080B1EFC-A214-4C18-9FB3-86D8628C47FD}.AppStore|Any CPU.ActiveCfg = Release|x86
		{080B1EFC-A214-4C18-9FB3-86D8628C47FD}.AppStore|Any CPU.Build.0 = Release|x86
		{080B1EFC-A214-4C18-9FB3-86D8628C47FD}.AppStore|Any CPU.Deploy.0 = Release|x86
		{080B1EFC-A214-4C18-9FB3-86D8628C47FD}.AppStore|ARM.ActiveCfg = Release|ARM
		{080B1EFC-A214-4C18-9FB3-86D8628C47FD}.AppStore|ARM.Build.0 = Release|ARM
		{080B1EFC-A214-4C18-9FB3-86D8628C47FD}.AppStore|ARM.Deploy.0 = Release|ARM
		{080B1EFC-A214-4C18-9FB3-86D8628C47FD}.AppStore|iPhone.ActiveCfg = Release|x86
		{080B1EFC-A214-4C18-9FB3-86D8628C47FD}.AppStore|iPhone.Build.0 = Release|x86
		{080B1EFC-A214-4C18-9FB3-86D8628C47FD}.AppStore|iPhone.Deploy.0 = Release|x86
		{080B1EFC-A214-4C18-9FB3-86D8628C47FD}.AppStore|iPhoneSimulator.ActiveCfg = Release|x86
		{080B1EFC-A214-4C18-9FB3-86D8628C47FD}.AppStore|iPhoneSimulator.Build.0 = Release|x86
		{080B1EFC-A214-4C18-9FB3-86D8628C47FD}.AppStore|iPhoneSimulator.Deploy.0 = Release|x86
		{080B1EFC-A214-4C18-9FB3-86D8628C47FD}.AppStore|x64.ActiveCfg = Release|x64
		{080B1EFC-A214-4C18-9FB3-86D8628C47FD}.AppStore|x64.Build.0 = Release|x64
		{080B1EFC-A214-4C18-9FB3-86D8628C47FD}.AppStore|x64.Deploy.0 = Release|x64
		{080B1EFC-A214-4C18-9FB3-86D8628C47FD}.AppStore|x86.ActiveCfg = Release|x86
		{080B1EFC-A214-4C18-9FB3-86D8628C47FD}.AppStore|x86.Build.0 = Release|x86
		{080B1EFC-A214-4C18-9FB3-86D8628C47FD}.AppStore|x86.Deploy.0 = Release|x86
		{080B1EFC-A214-4C18-9FB3-86D8628C47FD}.Debug|Any CPU.ActiveCfg = Debug|x86
		{080B1EFC-A214-4C18-9FB3-86D8628C47FD}.Debug|ARM.ActiveCfg = Debug|ARM
		{080B1EFC-A214-4C18-9FB3-86D8628C47FD}.Debug|ARM.Build.0 = Debug|ARM
		{080B1EFC-A214-4C18-9FB3-86D8628C47FD}.Debug|ARM.Deploy.0 = Debug|ARM
		{080B1EFC-A214-4C18-9FB3-86D8628C47FD}.Debug|iPhone.ActiveCfg = Debug|x86
		{080B1EFC-A214-4C18-9FB3-86D8628C47FD}.Debug|iPhoneSimulator.ActiveCfg = Debug|x86
		{080B1EFC-A214-4C18-9FB3-86D8628C47FD}.Debug|x64.ActiveCfg = Debug|x64
		{080B1EFC-A214-4C18-9FB3-86D8628C47FD}.Debug|x64.Build.0 = Debug|x64
		{080B1EFC-A214-4C18-9FB3-86D8628C47FD}.Debug|x64.Deploy.0 = Debug|x64
		{080B1EFC-A214-4C18-9FB3-86D8628C47FD}.Debug|x86.ActiveCfg = Debug|x86
		{080B1EFC-A214-4C18-9FB3-86D8628C47FD}.Debug|x86.Build.0 = Debug|x86
		{080B1EFC-A214-4C18-9FB3-86D8628C47FD}.Debug|x86.Deploy.0 = Debug|x86
		{080B1EFC-A214-4C18-9FB3-86D8628C47FD}.Release|Any CPU.ActiveCfg = Release|x86
		{080B1EFC-A214-4C18-9FB3-86D8628C47FD}.Release|ARM.ActiveCfg = Release|ARM
		{080B1EFC-A214-4C18-9FB3-86D8628C47FD}.Release|ARM.Build.0 = Release|ARM
		{080B1EFC-A214-4C18-9FB3-86D8628C47FD}.Release|ARM.Deploy.0 = Release|ARM
		{080B1EFC-A214-4C18-9FB3-86D8628C47FD}.Release|iPhone.ActiveCfg = Release|x86
		{080B1EFC-A214-4C18-9FB3-86D8628C47FD}.Release|iPhoneSimulator.ActiveCfg = Release|x86
		{080B1EFC-A214-4C18-9FB3-86D8628C47FD}.Release|x64.ActiveCfg = Release|x64
		{080B1EFC-A214-4C18-9FB3-86D8628C47FD}.Release|x64.Build.0 = Release|x64
		{080B1EFC-A214-4C18-9FB3-86D8628C47FD}.Release|x64.Deploy.0 = Release|x64
		{080B1EFC-A214-4C18-9FB3-86D8628C47FD}.Release|x86.ActiveCfg = Release|x86
		{080B1EFC-A214-4C18-9FB3-86D8628C47FD}.Release|x86.Build.0 = Release|x86
		{080B1EFC-A214-4C18-9FB3-86D8628C47FD}.Release|x86.Deploy.0 = Release|x86
		{1C56990F-C3C2-4DFF-A410-4CA2DC71279C}.Ad-Hoc|Any CPU.ActiveCfg = Release|Any CPU
		{1C56990F-C3C2-4DFF-A410-4CA2DC71279C}.Ad-Hoc|Any CPU.Build.0 = Release|Any CPU
		{1C56990F-C3C2-4DFF-A410-4CA2DC71279C}.Ad-Hoc|Any CPU.Deploy.0 = Release|Any CPU
		{1C56990F-C3C2-4DFF-A410-4CA2DC71279C}.Ad-Hoc|ARM.ActiveCfg = Release|ARM
		{1C56990F-C3C2-4DFF-A410-4CA2DC71279C}.Ad-Hoc|ARM.Build.0 = Release|ARM
		{1C56990F-C3C2-4DFF-A410-4CA2DC71279C}.Ad-Hoc|ARM.Deploy.0 = Release|ARM
		{1C56990F-C3C2-4DFF-A410-4CA2DC71279C}.Ad-Hoc|iPhone.ActiveCfg = Release|Any CPU
		{1C56990F-C3C2-4DFF-A410-4CA2DC71279C}.Ad-Hoc|iPhone.Build.0 = Release|Any CPU
		{1C56990F-C3C2-4DFF-A410-4CA2DC71279C}.Ad-Hoc|iPhone.Deploy.0 = Release|Any CPU
		{1C56990F-C3C2-4DFF-A410-4CA2DC71279C}.Ad-Hoc|iPhoneSimulator.ActiveCfg = Release|Any CPU
		{1C56990F-C3C2-4DFF-A410-4CA2DC71279C}.Ad-Hoc|iPhoneSimulator.Build.0 = Release|Any CPU
		{1C56990F-C3C2-4DFF-A410-4CA2DC71279C}.Ad-Hoc|iPhoneSimulator.Deploy.0 = Release|Any CPU
		{1C56990F-C3C2-4DFF-A410-4CA2DC71279C}.Ad-Hoc|x64.ActiveCfg = Release|x64
		{1C56990F-C3C2-4DFF-A410-4CA2DC71279C}.Ad-Hoc|x64.Build.0 = Release|x64
		{1C56990F-C3C2-4DFF-A410-4CA2DC71279C}.Ad-Hoc|x64.Deploy.0 = Release|x64
		{1C56990F-C3C2-4DFF-A410-4CA2DC71279C}.Ad-Hoc|x86.ActiveCfg = Release|x86
		{1C56990F-C3C2-4DFF-A410-4CA2DC71279C}.Ad-Hoc|x86.Build.0 = Release|x86
		{1C56990F-C3C2-4DFF-A410-4CA2DC71279C}.Ad-Hoc|x86.Deploy.0 = Release|x86
		{1C56990F-C3C2-4DFF-A410-4CA2DC71279C}.AppStore|Any CPU.ActiveCfg = Release|Any CPU
		{1C56990F-C3C2-4DFF-A410-4CA2DC71279C}.AppStore|Any CPU.Build.0 = Release|Any CPU
		{1C56990F-C3C2-4DFF-A410-4CA2DC71279C}.AppStore|Any CPU.Deploy.0 = Release|Any CPU
		{1C56990F-C3C2-4DFF-A410-4CA2DC71279C}.AppStore|ARM.ActiveCfg = Release|ARM
		{1C56990F-C3C2-4DFF-A410-4CA2DC71279C}.AppStore|ARM.Build.0 = Release|ARM
		{1C56990F-C3C2-4DFF-A410-4CA2DC71279C}.AppStore|ARM.Deploy.0 = Release|ARM
		{1C56990F-C3C2-4DFF-A410-4CA2DC71279C}.AppStore|iPhone.ActiveCfg = Release|Any CPU
		{1C56990F-C3C2-4DFF-A410-4CA2DC71279C}.AppStore|iPhone.Build.0 = Release|Any CPU
		{1C56990F-C3C2-4DFF-A410-4CA2DC71279C}.AppStore|iPhone.Deploy.0 = Release|Any CPU
		{1C56990F-C3C2-4DFF-A410-4CA2DC71279C}.AppStore|iPhoneSimulator.ActiveCfg = Release|Any CPU
		{1C56990F-C3C2-4DFF-A410-4CA2DC71279C}.AppStore|iPhoneSimulator.Build.0 = Release|Any CPU
		{1C56990F-C3C2-4DFF-A410-4CA2DC71279C}.AppStore|iPhoneSimulator.Deploy.0 = Release|Any CPU
		{1C56990F-C3C2-4DFF-A410-4CA2DC71279C}.AppStore|x64.ActiveCfg = Release|x64
		{1C56990F-C3C2-4DFF-A410-4CA2DC71279C}.AppStore|x64.Build.0 = Release|x64
		{1C56990F-C3C2-4DFF-A410-4CA2DC71279C}.AppStore|x64.Deploy.0 = Release|x64
		{1C56990F-C3C2-4DFF-A410-4CA2DC71279C}.AppStore|x86.ActiveCfg = Release|x86
		{1C56990F-C3C2-4DFF-A410-4CA2DC71279C}.AppStore|x86.Build.0 = Release|x86
		{1C56990F-C3C2-4DFF-A410-4CA2DC71279C}.AppStore|x86.Deploy.0 = Release|x86
		{1C56990F-C3C2-4DFF-A410-4CA2DC71279C}.Debug|Any CPU.ActiveCfg = Debug|Any CPU
		{1C56990F-C3C2-4DFF-A410-4CA2DC71279C}.Debug|Any CPU.Build.0 = Debug|Any CPU
		{1C56990F-C3C2-4DFF-A410-4CA2DC71279C}.Debug|Any CPU.Deploy.0 = Debug|Any CPU
		{1C56990F-C3C2-4DFF-A410-4CA2DC71279C}.Debug|ARM.ActiveCfg = Debug|ARM
		{1C56990F-C3C2-4DFF-A410-4CA2DC71279C}.Debug|ARM.Build.0 = Debug|ARM
		{1C56990F-C3C2-4DFF-A410-4CA2DC71279C}.Debug|ARM.Deploy.0 = Debug|ARM
		{1C56990F-C3C2-4DFF-A410-4CA2DC71279C}.Debug|iPhone.ActiveCfg = Debug|Any CPU
		{1C56990F-C3C2-4DFF-A410-4CA2DC71279C}.Debug|iPhone.Build.0 = Debug|Any CPU
		{1C56990F-C3C2-4DFF-A410-4CA2DC71279C}.Debug|iPhone.Deploy.0 = Debug|Any CPU
		{1C56990F-C3C2-4DFF-A410-4CA2DC71279C}.Debug|iPhoneSimulator.ActiveCfg = Debug|Any CPU
		{1C56990F-C3C2-4DFF-A410-4CA2DC71279C}.Debug|iPhoneSimulator.Build.0 = Debug|Any CPU
		{1C56990F-C3C2-4DFF-A410-4CA2DC71279C}.Debug|iPhoneSimulator.Deploy.0 = Debug|Any CPU
		{1C56990F-C3C2-4DFF-A410-4CA2DC71279C}.Debug|x64.ActiveCfg = Debug|x64
		{1C56990F-C3C2-4DFF-A410-4CA2DC71279C}.Debug|x64.Build.0 = Debug|x64
		{1C56990F-C3C2-4DFF-A410-4CA2DC71279C}.Debug|x64.Deploy.0 = Debug|x64
		{1C56990F-C3C2-4DFF-A410-4CA2DC71279C}.Debug|x86.ActiveCfg = Debug|x86
		{1C56990F-C3C2-4DFF-A410-4CA2DC71279C}.Debug|x86.Build.0 = Debug|x86
		{1C56990F-C3C2-4DFF-A410-4CA2DC71279C}.Debug|x86.Deploy.0 = Debug|x86
		{1C56990F-C3C2-4DFF-A410-4CA2DC71279C}.Release|Any CPU.ActiveCfg = Release|Any CPU
		{1C56990F-C3C2-4DFF-A410-4CA2DC71279C}.Release|Any CPU.Build.0 = Release|Any CPU
		{1C56990F-C3C2-4DFF-A410-4CA2DC71279C}.Release|Any CPU.Deploy.0 = Release|Any CPU
		{1C56990F-C3C2-4DFF-A410-4CA2DC71279C}.Release|ARM.ActiveCfg = Release|ARM
		{1C56990F-C3C2-4DFF-A410-4CA2DC71279C}.Release|ARM.Build.0 = Release|ARM
		{1C56990F-C3C2-4DFF-A410-4CA2DC71279C}.Release|ARM.Deploy.0 = Release|ARM
		{1C56990F-C3C2-4DFF-A410-4CA2DC71279C}.Release|iPhone.ActiveCfg = Release|Any CPU
		{1C56990F-C3C2-4DFF-A410-4CA2DC71279C}.Release|iPhone.Build.0 = Release|Any CPU
		{1C56990F-C3C2-4DFF-A410-4CA2DC71279C}.Release|iPhone.Deploy.0 = Release|Any CPU
		{1C56990F-C3C2-4DFF-A410-4CA2DC71279C}.Release|iPhoneSimulator.ActiveCfg = Release|Any CPU
		{1C56990F-C3C2-4DFF-A410-4CA2DC71279C}.Release|iPhoneSimulator.Build.0 = Release|Any CPU
		{1C56990F-C3C2-4DFF-A410-4CA2DC71279C}.Release|iPhoneSimulator.Deploy.0 = Release|Any CPU
		{1C56990F-C3C2-4DFF-A410-4CA2DC71279C}.Release|x64.ActiveCfg = Release|x64
		{1C56990F-C3C2-4DFF-A410-4CA2DC71279C}.Release|x64.Build.0 = Release|x64
		{1C56990F-C3C2-4DFF-A410-4CA2DC71279C}.Release|x64.Deploy.0 = Release|x64
		{1C56990F-C3C2-4DFF-A410-4CA2DC71279C}.Release|x86.ActiveCfg = Release|x86
		{1C56990F-C3C2-4DFF-A410-4CA2DC71279C}.Release|x86.Build.0 = Release|x86
		{1C56990F-C3C2-4DFF-A410-4CA2DC71279C}.Release|x86.Deploy.0 = Release|x86
	EndGlobalSection
	GlobalSection(SolutionProperties) = preSolution
		HideSolutionNode = FALSE
	EndGlobalSection
EndGlobal
